// !$*UTF8*$!
{
	archiveVersion = 1;
	classes = {
	};
	objectVersion = 50;
	objects = {

/* Begin PBXBuildFile section */
		C794C71724C393EF00DD694D /* Paddle.cpp in Sources */ = {isa = PBXBuildFile; fileRef = C794C71524C393EF00DD694D /* Paddle.cpp */; };
		C794C71B24C3C99D00DD694D /* Court.cpp in Sources */ = {isa = PBXBuildFile; fileRef = C794C71924C3C99D00DD694D /* Court.cpp */; };
		C7CE4C3824B8A37D00D614FA /* main.cpp in Sources */ = {isa = PBXBuildFile; fileRef = C7CE4C3724B8A37D00D614FA /* main.cpp */; };
		C7CE4C4324B8A3B500D614FA /* SDL2_image.framework in Frameworks */ = {isa = PBXBuildFile; fileRef = C7CE4C3F24B8A3B500D614FA /* SDL2_image.framework */; };
		C7CE4C4424B8A3B500D614FA /* SDL2_mixer.framework in Frameworks */ = {isa = PBXBuildFile; fileRef = C7CE4C4024B8A3B500D614FA /* SDL2_mixer.framework */; };
		C7CE4C4524B8A3B500D614FA /* SDL2.framework in Frameworks */ = {isa = PBXBuildFile; fileRef = C7CE4C4124B8A3B500D614FA /* SDL2.framework */; };
		C7CE4C4624B8A3B500D614FA /* SDL2_ttf.framework in Frameworks */ = {isa = PBXBuildFile; fileRef = C7CE4C4224B8A3B500D614FA /* SDL2_ttf.framework */; };
		C7D579E724C082C700D32B8F /* Texture.cpp in Sources */ = {isa = PBXBuildFile; fileRef = C7D579E524C082C700D32B8F /* Texture.cpp */; };
		C7D579EA24C13C0D00D32B8F /* Timer.cpp in Sources */ = {isa = PBXBuildFile; fileRef = C7D579E824C13C0D00D32B8F /* Timer.cpp */; };
		C7D8331924C5010C0022865D /* Ball.cpp in Sources */ = {isa = PBXBuildFile; fileRef = C7D8331724C5010C0022865D /* Ball.cpp */; };
		C7D8331C24C5063C0022865D /* Text.cpp in Sources */ = {isa = PBXBuildFile; fileRef = C7D8331A24C5063C0022865D /* Text.cpp */; };
/* End PBXBuildFile section */

/* Begin PBXCopyFilesBuildPhase section */
		C7CE4C3224B8A37D00D614FA /* CopyFiles */ = {
			isa = PBXCopyFilesBuildPhase;
			buildActionMask = 2147483647;
			dstPath = /usr/share/man/man1/;
			dstSubfolderSpec = 0;
			files = (
			);
			runOnlyForDeploymentPostprocessing = 1;
		};
/* End PBXCopyFilesBuildPhase section */

/* Begin PBXFileReference section */
		C794C71524C393EF00DD694D /* Paddle.cpp */ = {isa = PBXFileReference; lastKnownFileType = sourcecode.cpp.cpp; name = Paddle.cpp; path = include/Paddle.cpp; sourceTree = "<group>"; };
		C794C71624C393EF00DD694D /* Paddle.h */ = {isa = PBXFileReference; lastKnownFileType = sourcecode.c.h; name = Paddle.h; path = include/Paddle.h; sourceTree = "<group>"; };
		C794C71824C3988500DD694D /* global.h */ = {isa = PBXFileReference; lastKnownFileType = sourcecode.c.h; name = global.h; path = include/global.h; sourceTree = "<group>"; };
		C794C71924C3C99D00DD694D /* Court.cpp */ = {isa = PBXFileReference; lastKnownFileType = sourcecode.cpp.cpp; name = Court.cpp; path = include/Court.cpp; sourceTree = "<group>"; };
		C794C71A24C3C99D00DD694D /* Court.h */ = {isa = PBXFileReference; lastKnownFileType = sourcecode.c.h; name = Court.h; path = include/Court.h; sourceTree = "<group>"; };
		C7CE4C3424B8A37D00D614FA /* plong */ = {isa = PBXFileReference; explicitFileType = "compiled.mach-o.executable"; includeInIndex = 0; path = plong; sourceTree = BUILT_PRODUCTS_DIR; };
		C7CE4C3724B8A37D00D614FA /* main.cpp */ = {isa = PBXFileReference; lastKnownFileType = sourcecode.cpp.cpp; path = main.cpp; sourceTree = "<group>"; };
		C7CE4C3F24B8A3B500D614FA /* SDL2_image.framework */ = {isa = PBXFileReference; lastKnownFileType = wrapper.framework; name = SDL2_image.framework; path = ../../../../Library/Frameworks/SDL2_image.framework; sourceTree = "<group>"; };
		C7CE4C4024B8A3B500D614FA /* SDL2_mixer.framework */ = {isa = PBXFileReference; lastKnownFileType = wrapper.framework; name = SDL2_mixer.framework; path = ../../../../Library/Frameworks/SDL2_mixer.framework; sourceTree = "<group>"; };
		C7CE4C4124B8A3B500D614FA /* SDL2.framework */ = {isa = PBXFileReference; lastKnownFileType = wrapper.framework; name = SDL2.framework; path = ../../../../Library/Frameworks/SDL2.framework; sourceTree = "<group>"; };
		C7CE4C4224B8A3B500D614FA /* SDL2_ttf.framework */ = {isa = PBXFileReference; lastKnownFileType = wrapper.framework; name = SDL2_ttf.framework; path = ../../../../Library/Frameworks/SDL2_ttf.framework; sourceTree = "<group>"; };
		C7D579E524C082C700D32B8F /* Texture.cpp */ = {isa = PBXFileReference; lastKnownFileType = sourcecode.cpp.cpp; name = Texture.cpp; path = include/Texture.cpp; sourceTree = "<group>"; };
		C7D579E624C082C700D32B8F /* Texture.h */ = {isa = PBXFileReference; lastKnownFileType = sourcecode.c.h; name = Texture.h; path = include/Texture.h; sourceTree = "<group>"; };
		C7D579E824C13C0D00D32B8F /* Timer.cpp */ = {isa = PBXFileReference; lastKnownFileType = sourcecode.cpp.cpp; name = Timer.cpp; path = include/Timer.cpp; sourceTree = "<group>"; };
		C7D579E924C13C0D00D32B8F /* Timer.h */ = {isa = PBXFileReference; lastKnownFileType = sourcecode.c.h; name = Timer.h; path = include/Timer.h; sourceTree = "<group>"; };
		C7D8331724C5010C0022865D /* Ball.cpp */ = {isa = PBXFileReference; lastKnownFileType = sourcecode.cpp.cpp; name = Ball.cpp; path = include/Ball.cpp; sourceTree = "<group>"; };
		C7D8331824C5010C0022865D /* Ball.h */ = {isa = PBXFileReference; lastKnownFileType = sourcecode.c.h; name = Ball.h; path = include/Ball.h; sourceTree = "<group>"; };
		C7D8331A24C5063C0022865D /* Text.cpp */ = {isa = PBXFileReference; lastKnownFileType = sourcecode.cpp.cpp; name = Text.cpp; path = include/Text.cpp; sourceTree = "<group>"; };
		C7D8331B24C5063C0022865D /* Text.h */ = {isa = PBXFileReference; lastKnownFileType = sourcecode.c.h; name = Text.h; path = include/Text.h; sourceTree = "<group>"; };
/* End PBXFileReference section */

/* Begin PBXFrameworksBuildPhase section */
		C7CE4C3124B8A37D00D614FA /* Frameworks */ = {
			isa = PBXFrameworksBuildPhase;
			buildActionMask = 2147483647;
			files = (
				C7CE4C4324B8A3B500D614FA /* SDL2_image.framework in Frameworks */,
				C7CE4C4424B8A3B500D614FA /* SDL2_mixer.framework in Frameworks */,
				C7CE4C4524B8A3B500D614FA /* SDL2.framework in Frameworks */,
				C7CE4C4624B8A3B500D614FA /* SDL2_ttf.framework in Frameworks */,
			);
			runOnlyForDeploymentPostprocessing = 0;
		};
/* End PBXFrameworksBuildPhase section */

/* Begin PBXGroup section */
		C7CE4C2B24B8A37D00D614FA = {
			isa = PBXGroup;
			children = (
				C7CE4C3624B8A37D00D614FA /* plong */,
				C7CE4C3524B8A37D00D614FA /* Products */,
				C7CE4C3E24B8A3B500D614FA /* Frameworks */,
			);
			sourceTree = "<group>";
		};
		C7CE4C3524B8A37D00D614FA /* Products */ = {
			isa = PBXGroup;
			children = (
				C7CE4C3424B8A37D00D614FA /* plong */,
			);
			name = Products;
			sourceTree = "<group>";
		};
		C7CE4C3624B8A37D00D614FA /* plong */ = {
			isa = PBXGroup;
			children = (
				C7CE4C3724B8A37D00D614FA /* main.cpp */,
				C7D579E824C13C0D00D32B8F /* Timer.cpp */,
				C7D579E924C13C0D00D32B8F /* Timer.h */,
				C7D579E524C082C700D32B8F /* Texture.cpp */,
				C7D579E624C082C700D32B8F /* Texture.h */,
				C7D8331A24C5063C0022865D /* Text.cpp */,
				C7D8331B24C5063C0022865D /* Text.h */,
				C794C71524C393EF00DD694D /* Paddle.cpp */,
				C794C71624C393EF00DD694D /* Paddle.h */,
				C794C71924C3C99D00DD694D /* Court.cpp */,
				C794C71A24C3C99D00DD694D /* Court.h */,
				C794C71824C3988500DD694D /* global.h */,
				C7D8331724C5010C0022865D /* Ball.cpp */,
				C7D8331824C5010C0022865D /* Ball.h */,
			);
			path = plong;
			sourceTree = "<group>";
		};
		C7CE4C3E24B8A3B500D614FA /* Frameworks */ = {
			isa = PBXGroup;
			children = (
				C7CE4C3F24B8A3B500D614FA /* SDL2_image.framework */,
				C7CE4C4024B8A3B500D614FA /* SDL2_mixer.framework */,
				C7CE4C4224B8A3B500D614FA /* SDL2_ttf.framework */,
				C7CE4C4124B8A3B500D614FA /* SDL2.framework */,
			);
			name = Frameworks;
			sourceTree = "<group>";
		};
/* End PBXGroup section */

/* Begin PBXNativeTarget section */
		C7CE4C3324B8A37D00D614FA /* plong */ = {
			isa = PBXNativeTarget;
			buildConfigurationList = C7CE4C3B24B8A37D00D614FA /* Build configuration list for PBXNativeTarget "plong" */;
			buildPhases = (
				C7CE4C3024B8A37D00D614FA /* Sources */,
				C7CE4C3124B8A37D00D614FA /* Frameworks */,
				C7CE4C3224B8A37D00D614FA /* CopyFiles */,
			);
			buildRules = (
			);
			dependencies = (
			);
			name = plong;
			productName = plong;
			productReference = C7CE4C3424B8A37D00D614FA /* plong */;
			productType = "com.apple.product-type.tool";
		};
/* End PBXNativeTarget section */

/* Begin PBXProject section */
		C7CE4C2C24B8A37D00D614FA /* Project object */ = {
			isa = PBXProject;
			attributes = {
				LastUpgradeCheck = 1130;
				ORGANIZATIONNAME = "Vinoo Selvarajah";
				TargetAttributes = {
					C7CE4C3324B8A37D00D614FA = {
						CreatedOnToolsVersion = 11.3;
					};
				};
			};
			buildConfigurationList = C7CE4C2F24B8A37D00D614FA /* Build configuration list for PBXProject "plong" */;
			compatibilityVersion = "Xcode 9.3";
			developmentRegion = en;
			hasScannedForEncodings = 0;
			knownRegions = (
				en,
				Base,
			);
			mainGroup = C7CE4C2B24B8A37D00D614FA;
			productRefGroup = C7CE4C3524B8A37D00D614FA /* Products */;
			projectDirPath = "";
			projectRoot = "";
			targets = (
				C7CE4C3324B8A37D00D614FA /* plong */,
			);
		};
/* End PBXProject section */

/* Begin PBXSourcesBuildPhase section */
		C7CE4C3024B8A37D00D614FA /* Sources */ = {
			isa = PBXSourcesBuildPhase;
			buildActionMask = 2147483647;
			files = (
				C7D579E724C082C700D32B8F /* Texture.cpp in Sources */,
				C794C71B24C3C99D00DD694D /* Court.cpp in Sources */,
				C7CE4C3824B8A37D00D614FA /* main.cpp in Sources */,
				C7D579EA24C13C0D00D32B8F /* Timer.cpp in Sources */,
				C7D8331C24C5063C0022865D /* Text.cpp in Sources */,
				C794C71724C393EF00DD694D /* Paddle.cpp in Sources */,
				C7D8331924C5010C0022865D /* Ball.cpp in Sources */,
			);
			runOnlyForDeploymentPostprocessing = 0;
		};
/* End PBXSourcesBuildPhase section */

/* Begin XCBuildConfiguration section */
		C7CE4C3924B8A37D00D614FA /* Debug */ = {
			isa = XCBuildConfiguration;
			buildSettings = {
				ALWAYS_SEARCH_USER_PATHS = NO;
				CLANG_ANALYZER_NONNULL = YES;
				CLANG_ANALYZER_NUMBER_OBJECT_CONVERSION = YES_AGGRESSIVE;
				CLANG_CXX_LANGUAGE_STANDARD = "gnu++14";
				CLANG_CXX_LIBRARY = "libc++";
				CLANG_ENABLE_MODULES = YES;
				CLANG_ENABLE_OBJC_ARC = YES;
				CLANG_ENABLE_OBJC_WEAK = YES;
				CLANG_WARN_BLOCK_CAPTURE_AUTORELEASING = YES;
				CLANG_WARN_BOOL_CONVERSION = YES;
				CLANG_WARN_COMMA = YES;
				CLANG_WARN_CONSTANT_CONVERSION = YES;
				CLANG_WARN_DEPRECATED_OBJC_IMPLEMENTATIONS = YES;
				CLANG_WARN_DIRECT_OBJC_ISA_USAGE = YES_ERROR;
				CLANG_WARN_DOCUMENTATION_COMMENTS = YES;
				CLANG_WARN_EMPTY_BODY = YES;
				CLANG_WARN_ENUM_CONVERSION = YES;
				CLANG_WARN_INFINITE_RECURSION = YES;
				CLANG_WARN_INT_CONVERSION = YES;
				CLANG_WARN_NON_LITERAL_NULL_CONVERSION = YES;
				CLANG_WARN_OBJC_IMPLICIT_RETAIN_SELF = YES;
				CLANG_WARN_OBJC_LITERAL_CONVERSION = YES;
				CLANG_WARN_OBJC_ROOT_CLASS = YES_ERROR;
				CLANG_WARN_RANGE_LOOP_ANALYSIS = YES;
				CLANG_WARN_STRICT_PROTOTYPES = YES;
				CLANG_WARN_SUSPICIOUS_MOVE = YES;
				CLANG_WARN_UNGUARDED_AVAILABILITY = YES_AGGRESSIVE;
				CLANG_WARN_UNREACHABLE_CODE = YES;
				CLANG_WARN__DUPLICATE_METHOD_MATCH = YES;
				COPY_PHASE_STRIP = NO;
				DEBUG_INFORMATION_FORMAT = dwarf;
				ENABLE_STRICT_OBJC_MSGSEND = YES;
				ENABLE_TESTABILITY = YES;
				GCC_C_LANGUAGE_STANDARD = gnu11;
				GCC_DYNAMIC_NO_PIC = NO;
				GCC_NO_COMMON_BLOCKS = YES;
				GCC_OPTIMIZATION_LEVEL = 0;
				GCC_PREPROCESSOR_DEFINITIONS = (
					"DEBUG=1",
					"$(inherited)",
				);
				GCC_WARN_64_TO_32_BIT_CONVERSION = YES;
				GCC_WARN_ABOUT_RETURN_TYPE = YES_ERROR;
				GCC_WARN_UNDECLARED_SELECTOR = YES;
				GCC_WARN_UNINITIALIZED_AUTOS = YES_AGGRESSIVE;
				GCC_WARN_UNUSED_FUNCTION = YES;
				GCC_WARN_UNUSED_VARIABLE = YES;
				MACOSX_DEPLOYMENT_TARGET = 10.15;
				MTL_ENABLE_DEBUG_INFO = INCLUDE_SOURCE;
				MTL_FAST_MATH = YES;
				ONLY_ACTIVE_ARCH = YES;
				SDKROOT = macosx;
			};
			name = Debug;
		};
		C7CE4C3A24B8A37D00D614FA /* Release */ = {
			isa = XCBuildConfiguration;
			buildSettings = {
				ALWAYS_SEARCH_USER_PATHS = NO;
				CLANG_ANALYZER_NONNULL = YES;
				CLANG_ANALYZER_NUMBER_OBJECT_CONVERSION = YES_AGGRESSIVE;
				CLANG_CXX_LANGUAGE_STANDARD = "gnu++14";
				CLANG_CXX_LIBRARY = "libc++";
				CLANG_ENABLE_MODULES = YES;
				CLANG_ENABLE_OBJC_ARC = YES;
				CLANG_ENABLE_OBJC_WEAK = YES;
				CLANG_WARN_BLOCK_CAPTURE_AUTORELEASING = YES;
				CLANG_WARN_BOOL_CONVERSION = YES;
				CLANG_WARN_COMMA = YES;
				CLANG_WARN_CONSTANT_CONVERSION = YES;
				CLANG_WARN_DEPRECATED_OBJC_IMPLEMENTATIONS = YES;
				CLANG_WARN_DIRECT_OBJC_ISA_USAGE = YES_ERROR;
				CLANG_WARN_DOCUMENTATION_COMMENTS = YES;
				CLANG_WARN_EMPTY_BODY = YES;
				CLANG_WARN_ENUM_CONVERSION = YES;
				CLANG_WARN_INFINITE_RECURSION = YES;
				CLANG_WARN_INT_CONVERSION = YES;
				CLANG_WARN_NON_LITERAL_NULL_CONVERSION = YES;
				CLANG_WARN_OBJC_IMPLICIT_RETAIN_SELF = YES;
				CLANG_WARN_OBJC_LITERAL_CONVERSION = YES;
				CLANG_WARN_OBJC_ROOT_CLASS = YES_ERROR;
				CLANG_WARN_RANGE_LOOP_ANALYSIS = YES;
				CLANG_WARN_STRICT_PROTOTYPES = YES;
				CLANG_WARN_SUSPICIOUS_MOVE = YES;
				CLANG_WARN_UNGUARDED_AVAILABILITY = YES_AGGRESSIVE;
				CLANG_WARN_UNREACHABLE_CODE = YES;
				CLANG_WARN__DUPLICATE_METHOD_MATCH = YES;
				COPY_PHASE_STRIP = NO;
				DEBUG_INFORMATION_FORMAT = "dwarf-with-dsym";
				ENABLE_NS_ASSERTIONS = NO;
				ENABLE_STRICT_OBJC_MSGSEND = YES;
				GCC_C_LANGUAGE_STANDARD = gnu11;
				GCC_NO_COMMON_BLOCKS = YES;
				GCC_WARN_64_TO_32_BIT_CONVERSION = YES;
				GCC_WARN_ABOUT_RETURN_TYPE = YES_ERROR;
				GCC_WARN_UNDECLARED_SELECTOR = YES;
				GCC_WARN_UNINITIALIZED_AUTOS = YES_AGGRESSIVE;
				GCC_WARN_UNUSED_FUNCTION = YES;
				GCC_WARN_UNUSED_VARIABLE = YES;
				MACOSX_DEPLOYMENT_TARGET = 10.15;
				MTL_ENABLE_DEBUG_INFO = NO;
				MTL_FAST_MATH = YES;
				SDKROOT = macosx;
			};
			name = Release;
		};
		C7CE4C3C24B8A37D00D614FA /* Debug */ = {
			isa = XCBuildConfiguration;
			buildSettings = {
				CODE_SIGN_STYLE = Automatic;
				FRAMEWORK_SEARCH_PATHS = (
					"$(inherited)",
					"$(LOCAL_LIBRARY_DIR)/Frameworks",
				);
				PRODUCT_NAME = "$(TARGET_NAME)";
			};
			name = Debug;
		};
		C7CE4C3D24B8A37D00D614FA /* Release */ = {
			isa = XCBuildConfiguration;
			buildSettings = {
				CODE_SIGN_STYLE = Automatic;
				FRAMEWORK_SEARCH_PATHS = (
					"$(inherited)",
					"$(LOCAL_LIBRARY_DIR)/Frameworks",
				);
				PRODUCT_NAME = "$(TARGET_NAME)";
			};
			name = Release;
		};
/* End XCBuildConfiguration section */

/* Begin XCConfigurationList section */
		C7CE4C2F24B8A37D00D614FA /* Build configuration list for PBXProject "plong" */ = {
			isa = XCConfigurationList;
			buildConfigurations = (
				C7CE4C3924B8A37D00D614FA /* Debug */,
				C7CE4C3A24B8A37D00D614FA /* Release */,
			);
			defaultConfigurationIsVisible = 0;
			defaultConfigurationName = Release;
		};
		C7CE4C3B24B8A37D00D614FA /* Build configuration list for PBXNativeTarget "plong" */ = {
			isa = XCConfigurationList;
			buildConfigurations = (
				C7CE4C3C24B8A37D00D614FA /* Debug */,
				C7CE4C3D24B8A37D00D614FA /* Release */,
			);
			defaultConfigurationIsVisible = 0;
			defaultConfigurationName = Release;
		};
/* End XCConfigurationList section */
	};
	rootObject = C7CE4C2C24B8A37D00D614FA /* Project object */;
}
